
Microsoft Visual Studio Solution File, Format Version 12.00
# Visual Studio 15
VisualStudioVersion = 15.0.28307.902
MinimumVisualStudioVersion = 10.0.40219.1
Project("{FAE04EC0-301F-11D3-BF4B-00C04F79EFBC}") = "ClassTime", "ClassTime\ClassTime.csproj", "{1C72C6CE-54AB-4371-8486-F0A41EA2CA94}"
EndProject
Global
	GlobalSection(SolutionConfigurationPlatforms) = preSolution
		Debug|Any CPU = Debug|Any CPU
		Release|Any CPU = Release|Any CPU
	EndGlobalSection
	GlobalSection(ProjectConfigurationPlatforms) = postSolution
		{1C72C6CE-54AB-4371-8486-F0A41EA2CA94}.Debug|Any CPU.ActiveCfg = Debug|Any CPU
		{1C72C6CE-54AB-4371-8486-F0A41EA2CA94}.Debug|Any CPU.Build.0 = Debug|Any CPU
		{1C72C6CE-54AB-4371-8486-F0A41EA2CA94}.Release|Any CPU.ActiveCfg = Release|Any CPU
		{1C72C6CE-54AB-4371-8486-F0A41EA2CA94}.Release|Any CPU.Build.0 = Release|Any CPU
	EndGlobalSection
	GlobalSection(SolutionProperties) = preSolution
		HideSolutionNode = FALSE
	EndGlobalSection
	GlobalSection(ExtensibilityGlobals) = postSolution
		SolutionGuid = {A6951D54-54E7-4D9E-A695-49FF6667F666}
	EndGlobalSection
EndGlobal
